
Microsoft Visual Studio Solution File, Format Version 12.00
# Visual Studio Version 17
VisualStudioVersion = 17.5.33424.131
MinimumVisualStudioVersion = 10.0.40219.1
Project("{FAE04EC0-301F-11D3-BF4B-00C04F79EFBC}") = "Data", "Data\Data.csproj", "{54EE28B9-15BB-46CB-85C8-1F9F45D89FB7}"
EndProject
Project("{FAE04EC0-301F-11D3-BF4B-00C04F79EFBC}") = "Logic", "Logic\Logic.csproj", "{C55105BF-87B3-42A6-8FCA-2BD977981DED}"
EndProject
Project("{FAE04EC0-301F-11D3-BF4B-00C04F79EFBC}") = "Presentation", "Presentation\Presentation.csproj", "{C4ABCD4D-A3A3-4E4C-AA9F-379BBF5D909C}"
EndProject
Project("{FAE04EC0-301F-11D3-BF4B-00C04F79EFBC}") = "Model", "Model\Model.csproj", "{DB227A39-3F3C-4571-8797-9976E52657C4}"
EndProject
Global
	GlobalSection(SolutionConfigurationPlatforms) = preSolution
		Debug|Any CPU = Debug|Any CPU
		Release|Any CPU = Release|Any CPU
	EndGlobalSection
	GlobalSection(ProjectConfigurationPlatforms) = postSolution
		{54EE28B9-15BB-46CB-85C8-1F9F45D89FB7}.Debug|Any CPU.ActiveCfg = Debug|Any CPU
		{54EE28B9-15BB-46CB-85C8-1F9F45D89FB7}.Debug|Any CPU.Build.0 = Debug|Any CPU
		{54EE28B9-15BB-46CB-85C8-1F9F45D89FB7}.Release|Any CPU.ActiveCfg = Release|Any CPU
		{54EE28B9-15BB-46CB-85C8-1F9F45D89FB7}.Release|Any CPU.Build.0 = Release|Any CPU
		{C55105BF-87B3-42A6-8FCA-2BD977981DED}.Debug|Any CPU.ActiveCfg = Debug|Any CPU
		{C55105BF-87B3-42A6-8FCA-2BD977981DED}.Debug|Any CPU.Build.0 = Debug|Any CPU
		{C55105BF-87B3-42A6-8FCA-2BD977981DED}.Release|Any CPU.ActiveCfg = Release|Any CPU
		{C55105BF-87B3-42A6-8FCA-2BD977981DED}.Release|Any CPU.Build.0 = Release|Any CPU
		{C4ABCD4D-A3A3-4E4C-AA9F-379BBF5D909C}.Debug|Any CPU.ActiveCfg = Debug|Any CPU
		{C4ABCD4D-A3A3-4E4C-AA9F-379BBF5D909C}.Debug|Any CPU.Build.0 = Debug|Any CPU
		{C4ABCD4D-A3A3-4E4C-AA9F-379BBF5D909C}.Release|Any CPU.ActiveCfg = Release|Any CPU
		{C4ABCD4D-A3A3-4E4C-AA9F-379BBF5D909C}.Release|Any CPU.Build.0 = Release|Any CPU
		{DB227A39-3F3C-4571-8797-9976E52657C4}.Debug|Any CPU.ActiveCfg = Debug|Any CPU
		{DB227A39-3F3C-4571-8797-9976E52657C4}.Debug|Any CPU.Build.0 = Debug|Any CPU
		{DB227A39-3F3C-4571-8797-9976E52657C4}.Release|Any CPU.ActiveCfg = Release|Any CPU
		{DB227A39-3F3C-4571-8797-9976E52657C4}.Release|Any CPU.Build.0 = Release|Any CPU
	EndGlobalSection
	GlobalSection(SolutionProperties) = preSolution
		HideSolutionNode = FALSE
	EndGlobalSection
	GlobalSection(ExtensibilityGlobals) = postSolution
		SolutionGuid = {E00D61AD-180D-4061-AA5F-0687EA6A3941}
	EndGlobalSection
EndGlobal
